
Microsoft Visual Studio Solution File, Format Version 12.00
# Visual Studio 15
VisualStudioVersion = 15.0.28307.168
MinimumVisualStudioVersion = 10.0.40219.1
Project("{FAE04EC0-301F-11D3-BF4B-00C04F79EFBC}") = "Training_Jan8th", "Training_Jan8th\Training_Jan8th.csproj", "{D2BE49E2-5C9C-4CC4-98E6-16A5FEC2C01F}"
EndProject
Global
	GlobalSection(SolutionConfigurationPlatforms) = preSolution
		Debug|Any CPU = Debug|Any CPU
		Release|Any CPU = Release|Any CPU
	EndGlobalSection
	GlobalSection(ProjectConfigurationPlatforms) = postSolution
		{D2BE49E2-5C9C-4CC4-98E6-16A5FEC2C01F}.Debug|Any CPU.ActiveCfg = Debug|Any CPU
		{D2BE49E2-5C9C-4CC4-98E6-16A5FEC2C01F}.Debug|Any CPU.Build.0 = Debug|Any CPU
		{D2BE49E2-5C9C-4CC4-98E6-16A5FEC2C01F}.Release|Any CPU.ActiveCfg = Release|Any CPU
		{D2BE49E2-5C9C-4CC4-98E6-16A5FEC2C01F}.Release|Any CPU.Build.0 = Release|Any CPU
	EndGlobalSection
	GlobalSection(SolutionProperties) = preSolution
		HideSolutionNode = FALSE
	EndGlobalSection
	GlobalSection(ExtensibilityGlobals) = postSolution
		SolutionGuid = {1BD26354-420C-45A8-B237-9775B5D3F9F3}
	EndGlobalSection
EndGlobal
